
Microsoft Visual Studio Solution File, Format Version 12.00
# Visual Studio Version 17
VisualStudioVersion = 17.0.31903.59
MinimumVisualStudioVersion = 10.0.40219.1
Project("{2150E333-8FDC-42A3-9474-1A3956D46DE8}") = "07. CLIMOVIL", "07. CLIMOVIL", "{324DE0C0-856B-73A4-AC5D-DD838EA6E8F5}"
EndProject
Project("{FAE04EC0-301F-11D3-BF4B-00C04F79EFBC}") = "CLIMOVIL", "07. CLIMOVIL\CLIMOVIL.csproj", "{2C7E25A8-2A1C-43C9-A6C9-A57D3F1B4D54}"
EndProject
Project("{2150E333-8FDC-42A3-9474-1A3956D46DE8}") = "04. CLICONSOLA", "04. CLICONSOLA", "{0BC27D73-3086-30DA-7A3A-10096BBAC950}"
EndProject
Project("{FAE04EC0-301F-11D3-BF4B-00C04F79EFBC}") = "CLICONSOLA", "04. CLICONSOLA\CLICONSOLA.csproj", "{1378C4BE-D721-4D81-9E6C-A08EE960AC0A}"
EndProject
Project("{2150E333-8FDC-42A3-9474-1A3956D46DE8}") = "05. CLIESCRITORIO", "05. CLIESCRITORIO", "{610624B0-6B89-C678-1D22-72C30DEC00BC}"
EndProject
Project("{FAE04EC0-301F-11D3-BF4B-00C04F79EFBC}") = "CLIESCRITORIO", "05. CLIESCRITORIO\CLIESCRITORIO.csproj", "{976B4070-18A8-4157-A3FE-B4AB784D0B60}"
EndProject
Project("{2150E333-8FDC-42A3-9474-1A3956D46DE8}") = "06. CLIWEB", "06. CLIWEB", "{E547FDA5-0574-AC4D-FDDF-8DA5B21A1D1E}"
EndProject
Project("{FAE04EC0-301F-11D3-BF4B-00C04F79EFBC}") = "CLIWEB", "06. CLIWEB\CLIWEB.csproj", "{36D1BCF2-8769-444C-B721-00FA51DCB14C}"
EndProject
Project("{2150E333-8FDC-42A3-9474-1A3956D46DE8}") = "08. SERVIDOR", "08. SERVIDOR", "{A43D91D9-F491-B83C-FC29-CF2E328F0A6D}"
EndProject
Project("{FAE04EC0-301F-11D3-BF4B-00C04F79EFBC}") = "SERVIDOR", "08. SERVIDOR\SERVIDOR.csproj", "{50ABF984-52FE-4C33-B21D-98BAFE048B07}"
EndProject
Global
	GlobalSection(SolutionConfigurationPlatforms) = preSolution
		Debug|Any CPU = Debug|Any CPU
		Debug|x64 = Debug|x64
		Debug|x86 = Debug|x86
		Release|Any CPU = Release|Any CPU
		Release|x64 = Release|x64
		Release|x86 = Release|x86
	EndGlobalSection
	GlobalSection(ProjectConfigurationPlatforms) = postSolution
		{2C7E25A8-2A1C-43C9-A6C9-A57D3F1B4D54}.Debug|Any CPU.ActiveCfg = Debug|Any CPU
		{2C7E25A8-2A1C-43C9-A6C9-A57D3F1B4D54}.Debug|Any CPU.Build.0 = Debug|Any CPU
		{2C7E25A8-2A1C-43C9-A6C9-A57D3F1B4D54}.Debug|x64.ActiveCfg = Debug|Any CPU
		{2C7E25A8-2A1C-43C9-A6C9-A57D3F1B4D54}.Debug|x64.Build.0 = Debug|Any CPU
		{2C7E25A8-2A1C-43C9-A6C9-A57D3F1B4D54}.Debug|x86.ActiveCfg = Debug|Any CPU
		{2C7E25A8-2A1C-43C9-A6C9-A57D3F1B4D54}.Debug|x86.Build.0 = Debug|Any CPU
		{2C7E25A8-2A1C-43C9-A6C9-A57D3F1B4D54}.Release|Any CPU.ActiveCfg = Release|Any CPU
		{2C7E25A8-2A1C-43C9-A6C9-A57D3F1B4D54}.Release|Any CPU.Build.0 = Release|Any CPU
		{2C7E25A8-2A1C-43C9-A6C9-A57D3F1B4D54}.Release|x64.ActiveCfg = Release|Any CPU
		{2C7E25A8-2A1C-43C9-A6C9-A57D3F1B4D54}.Release|x64.Build.0 = Release|Any CPU
		{2C7E25A8-2A1C-43C9-A6C9-A57D3F1B4D54}.Release|x86.ActiveCfg = Release|Any CPU
		{2C7E25A8-2A1C-43C9-A6C9-A57D3F1B4D54}.Release|x86.Build.0 = Release|Any CPU
		{1378C4BE-D721-4D81-9E6C-A08EE960AC0A}.Debug|Any CPU.ActiveCfg = Debug|Any CPU
		{1378C4BE-D721-4D81-9E6C-A08EE960AC0A}.Debug|Any CPU.Build.0 = Debug|Any CPU
		{1378C4BE-D721-4D81-9E6C-A08EE960AC0A}.Debug|x64.ActiveCfg = Debug|Any CPU
		{1378C4BE-D721-4D81-9E6C-A08EE960AC0A}.Debug|x64.Build.0 = Debug|Any CPU
		{1378C4BE-D721-4D81-9E6C-A08EE960AC0A}.Debug|x86.ActiveCfg = Debug|Any CPU
		{1378C4BE-D721-4D81-9E6C-A08EE960AC0A}.Debug|x86.Build.0 = Debug|Any CPU
		{1378C4BE-D721-4D81-9E6C-A08EE960AC0A}.Release|Any CPU.ActiveCfg = Release|Any CPU
		{1378C4BE-D721-4D81-9E6C-A08EE960AC0A}.Release|Any CPU.Build.0 = Release|Any CPU
		{1378C4BE-D721-4D81-9E6C-A08EE960AC0A}.Release|x64.ActiveCfg = Release|Any CPU
		{1378C4BE-D721-4D81-9E6C-A08EE960AC0A}.Release|x64.Build.0 = Release|Any CPU
		{1378C4BE-D721-4D81-9E6C-A08EE960AC0A}.Release|x86.ActiveCfg = Release|Any CPU
		{1378C4BE-D721-4D81-9E6C-A08EE960AC0A}.Release|x86.Build.0 = Release|Any CPU
		{976B4070-18A8-4157-A3FE-B4AB784D0B60}.Debug|Any CPU.ActiveCfg = Debug|Any CPU
		{976B4070-18A8-4157-A3FE-B4AB784D0B60}.Debug|Any CPU.Build.0 = Debug|Any CPU
		{976B4070-18A8-4157-A3FE-B4AB784D0B60}.Debug|x64.ActiveCfg = Debug|Any CPU
		{976B4070-18A8-4157-A3FE-B4AB784D0B60}.Debug|x64.Build.0 = Debug|Any CPU
		{976B4070-18A8-4157-A3FE-B4AB784D0B60}.Debug|x86.ActiveCfg = Debug|Any CPU
		{976B4070-18A8-4157-A3FE-B4AB784D0B60}.Debug|x86.Build.0 = Debug|Any CPU
		{976B4070-18A8-4157-A3FE-B4AB784D0B60}.Release|Any CPU.ActiveCfg = Release|Any CPU
		{976B4070-18A8-4157-A3FE-B4AB784D0B60}.Release|Any CPU.Build.0 = Release|Any CPU
		{976B4070-18A8-4157-A3FE-B4AB784D0B60}.Release|x64.ActiveCfg = Release|Any CPU
		{976B4070-18A8-4157-A3FE-B4AB784D0B60}.Release|x64.Build.0 = Release|Any CPU
		{976B4070-18A8-4157-A3FE-B4AB784D0B60}.Release|x86.ActiveCfg = Release|Any CPU
		{976B4070-18A8-4157-A3FE-B4AB784D0B60}.Release|x86.Build.0 = Release|Any CPU
		{36D1BCF2-8769-444C-B721-00FA51DCB14C}.Debug|Any CPU.ActiveCfg = Debug|Any CPU
		{36D1BCF2-8769-444C-B721-00FA51DCB14C}.Debug|Any CPU.Build.0 = Debug|Any CPU
		{36D1BCF2-8769-444C-B721-00FA51DCB14C}.Debug|x64.ActiveCfg = Debug|Any CPU
		{36D1BCF2-8769-444C-B721-00FA51DCB14C}.Debug|x64.Build.0 = Debug|Any CPU
		{36D1BCF2-8769-444C-B721-00FA51DCB14C}.Debug|x86.ActiveCfg = Debug|Any CPU
		{36D1BCF2-8769-444C-B721-00FA51DCB14C}.Debug|x86.Build.0 = Debug|Any CPU
		{36D1BCF2-8769-444C-B721-00FA51DCB14C}.Release|Any CPU.ActiveCfg = Release|Any CPU
		{36D1BCF2-8769-444C-B721-00FA51DCB14C}.Release|Any CPU.Build.0 = Release|Any CPU
		{36D1BCF2-8769-444C-B721-00FA51DCB14C}.Release|x64.ActiveCfg = Release|Any CPU
		{36D1BCF2-8769-444C-B721-00FA51DCB14C}.Release|x64.Build.0 = Release|Any CPU
		{36D1BCF2-8769-444C-B721-00FA51DCB14C}.Release|x86.ActiveCfg = Release|Any CPU
		{36D1BCF2-8769-444C-B721-00FA51DCB14C}.Release|x86.Build.0 = Release|Any CPU
		{50ABF984-52FE-4C33-B21D-98BAFE048B07}.Debug|Any CPU.ActiveCfg = Debug|Any CPU
		{50ABF984-52FE-4C33-B21D-98BAFE048B07}.Debug|Any CPU.Build.0 = Debug|Any CPU
		{50ABF984-52FE-4C33-B21D-98BAFE048B07}.Debug|x64.ActiveCfg = Debug|Any CPU
		{50ABF984-52FE-4C33-B21D-98BAFE048B07}.Debug|x64.Build.0 = Debug|Any CPU
		{50ABF984-52FE-4C33-B21D-98BAFE048B07}.Debug|x86.ActiveCfg = Debug|Any CPU
		{50ABF984-52FE-4C33-B21D-98BAFE048B07}.Debug|x86.Build.0 = Debug|Any CPU
		{50ABF984-52FE-4C33-B21D-98BAFE048B07}.Release|Any CPU.ActiveCfg = Release|Any CPU
		{50ABF984-52FE-4C33-B21D-98BAFE048B07}.Release|Any CPU.Build.0 = Release|Any CPU
		{50ABF984-52FE-4C33-B21D-98BAFE048B07}.Release|x64.ActiveCfg = Release|Any CPU
		{50ABF984-52FE-4C33-B21D-98BAFE048B07}.Release|x64.Build.0 = Release|Any CPU
		{50ABF984-52FE-4C33-B21D-98BAFE048B07}.Release|x86.ActiveCfg = Release|Any CPU
		{50ABF984-52FE-4C33-B21D-98BAFE048B07}.Release|x86.Build.0 = Release|Any CPU
	EndGlobalSection
	GlobalSection(SolutionProperties) = preSolution
		HideSolutionNode = FALSE
	EndGlobalSection
	GlobalSection(NestedProjects) = preSolution
		{2C7E25A8-2A1C-43C9-A6C9-A57D3F1B4D54} = {324DE0C0-856B-73A4-AC5D-DD838EA6E8F5}
		{1378C4BE-D721-4D81-9E6C-A08EE960AC0A} = {0BC27D73-3086-30DA-7A3A-10096BBAC950}
		{976B4070-18A8-4157-A3FE-B4AB784D0B60} = {610624B0-6B89-C678-1D22-72C30DEC00BC}
		{36D1BCF2-8769-444C-B721-00FA51DCB14C} = {E547FDA5-0574-AC4D-FDDF-8DA5B21A1D1E}
		{50ABF984-52FE-4C33-B21D-98BAFE048B07} = {A43D91D9-F491-B83C-FC29-CF2E328F0A6D}
	EndGlobalSection
EndGlobal
