
Microsoft Visual Studio Solution File, Format Version 12.00
# Visual Studio Version 17
VisualStudioVersion = 17.0.31903.59
MinimumVisualStudioVersion = 10.0.40219.1
Project("{FAE04EC0-301F-11D3-BF4B-00C04F79EFBC}") = "SERVIDOR", "08. SERVIDOR\SERVIDOR.csproj", "{DB786659-1AAB-4F90-AF5E-2C8346E34A42}"
EndProject
Project("{FAE04EC0-301F-11D3-BF4B-00C04F79EFBC}") = "CLICONSOLA", "04. CLICONSOLA\CLICONSOLA.csproj", "{D78301E1-BB17-4FDE-A9E4-1C8E4DD2B79E}"
EndProject
Project("{FAE04EC0-301F-11D3-BF4B-00C04F79EFBC}") = "CLIESCRITORIO", "05. CLIESCRITORIO\CLIESCRITORIO.csproj", "{D5A9DE7D-F6E3-4CBA-AD77-0749D56A0EA4}"
EndProject
Project("{FAE04EC0-301F-11D3-BF4B-00C04F79EFBC}") = "CLIWEB", "06. CLIWEB\CLIWEB.csproj", "{428E543C-CD5A-4840-8E05-F0CAA9D500DB}"
EndProject
Project("{2150E333-8FDC-42A3-9474-1A3956D46DE8}") = "07. CLIMOVIL", "07. CLIMOVIL", "{324DE0C0-856B-73A4-AC5D-DD838EA6E8F5}"
EndProject
Project("{FAE04EC0-301F-11D3-BF4B-00C04F79EFBC}") = "CLIMOVIL", "07. CLIMOVIL\CLIMOVIL.csproj", "{D2CE9A36-88E8-49E3-B69E-09C53FD4373B}"
EndProject
Global
	GlobalSection(SolutionConfigurationPlatforms) = preSolution
		Debug|Any CPU = Debug|Any CPU
		Debug|x64 = Debug|x64
		Debug|x86 = Debug|x86
		Release|Any CPU = Release|Any CPU
		Release|x64 = Release|x64
		Release|x86 = Release|x86
	EndGlobalSection
	GlobalSection(ProjectConfigurationPlatforms) = postSolution
		{DB786659-1AAB-4F90-AF5E-2C8346E34A42}.Debug|Any CPU.ActiveCfg = Debug|Any CPU
		{DB786659-1AAB-4F90-AF5E-2C8346E34A42}.Debug|Any CPU.Build.0 = Debug|Any CPU
		{DB786659-1AAB-4F90-AF5E-2C8346E34A42}.Debug|x64.ActiveCfg = Debug|Any CPU
		{DB786659-1AAB-4F90-AF5E-2C8346E34A42}.Debug|x64.Build.0 = Debug|Any CPU
		{DB786659-1AAB-4F90-AF5E-2C8346E34A42}.Debug|x86.ActiveCfg = Debug|Any CPU
		{DB786659-1AAB-4F90-AF5E-2C8346E34A42}.Debug|x86.Build.0 = Debug|Any CPU
		{DB786659-1AAB-4F90-AF5E-2C8346E34A42}.Release|Any CPU.ActiveCfg = Release|Any CPU
		{DB786659-1AAB-4F90-AF5E-2C8346E34A42}.Release|Any CPU.Build.0 = Release|Any CPU
		{DB786659-1AAB-4F90-AF5E-2C8346E34A42}.Release|x64.ActiveCfg = Release|Any CPU
		{DB786659-1AAB-4F90-AF5E-2C8346E34A42}.Release|x64.Build.0 = Release|Any CPU
		{DB786659-1AAB-4F90-AF5E-2C8346E34A42}.Release|x86.ActiveCfg = Release|Any CPU
		{DB786659-1AAB-4F90-AF5E-2C8346E34A42}.Release|x86.Build.0 = Release|Any CPU
		{D78301E1-BB17-4FDE-A9E4-1C8E4DD2B79E}.Debug|Any CPU.ActiveCfg = Debug|Any CPU
		{D78301E1-BB17-4FDE-A9E4-1C8E4DD2B79E}.Debug|Any CPU.Build.0 = Debug|Any CPU
		{D78301E1-BB17-4FDE-A9E4-1C8E4DD2B79E}.Debug|x64.ActiveCfg = Debug|Any CPU
		{D78301E1-BB17-4FDE-A9E4-1C8E4DD2B79E}.Debug|x64.Build.0 = Debug|Any CPU
		{D78301E1-BB17-4FDE-A9E4-1C8E4DD2B79E}.Debug|x86.ActiveCfg = Debug|Any CPU
		{D78301E1-BB17-4FDE-A9E4-1C8E4DD2B79E}.Debug|x86.Build.0 = Debug|Any CPU
		{D78301E1-BB17-4FDE-A9E4-1C8E4DD2B79E}.Release|Any CPU.ActiveCfg = Release|Any CPU
		{D78301E1-BB17-4FDE-A9E4-1C8E4DD2B79E}.Release|Any CPU.Build.0 = Release|Any CPU
		{D78301E1-BB17-4FDE-A9E4-1C8E4DD2B79E}.Release|x64.ActiveCfg = Release|Any CPU
		{D78301E1-BB17-4FDE-A9E4-1C8E4DD2B79E}.Release|x64.Build.0 = Release|Any CPU
		{D78301E1-BB17-4FDE-A9E4-1C8E4DD2B79E}.Release|x86.ActiveCfg = Release|Any CPU
		{D78301E1-BB17-4FDE-A9E4-1C8E4DD2B79E}.Release|x86.Build.0 = Release|Any CPU
		{D5A9DE7D-F6E3-4CBA-AD77-0749D56A0EA4}.Debug|Any CPU.ActiveCfg = Debug|Any CPU
		{D5A9DE7D-F6E3-4CBA-AD77-0749D56A0EA4}.Debug|Any CPU.Build.0 = Debug|Any CPU
		{D5A9DE7D-F6E3-4CBA-AD77-0749D56A0EA4}.Debug|x64.ActiveCfg = Debug|Any CPU
		{D5A9DE7D-F6E3-4CBA-AD77-0749D56A0EA4}.Debug|x64.Build.0 = Debug|Any CPU
		{D5A9DE7D-F6E3-4CBA-AD77-0749D56A0EA4}.Debug|x86.ActiveCfg = Debug|Any CPU
		{D5A9DE7D-F6E3-4CBA-AD77-0749D56A0EA4}.Debug|x86.Build.0 = Debug|Any CPU
		{D5A9DE7D-F6E3-4CBA-AD77-0749D56A0EA4}.Release|Any CPU.ActiveCfg = Release|Any CPU
		{D5A9DE7D-F6E3-4CBA-AD77-0749D56A0EA4}.Release|Any CPU.Build.0 = Release|Any CPU
		{D5A9DE7D-F6E3-4CBA-AD77-0749D56A0EA4}.Release|x64.ActiveCfg = Release|Any CPU
		{D5A9DE7D-F6E3-4CBA-AD77-0749D56A0EA4}.Release|x64.Build.0 = Release|Any CPU
		{D5A9DE7D-F6E3-4CBA-AD77-0749D56A0EA4}.Release|x86.ActiveCfg = Release|Any CPU
		{D5A9DE7D-F6E3-4CBA-AD77-0749D56A0EA4}.Release|x86.Build.0 = Release|Any CPU
		{428E543C-CD5A-4840-8E05-F0CAA9D500DB}.Debug|Any CPU.ActiveCfg = Debug|Any CPU
		{428E543C-CD5A-4840-8E05-F0CAA9D500DB}.Debug|Any CPU.Build.0 = Debug|Any CPU
		{428E543C-CD5A-4840-8E05-F0CAA9D500DB}.Debug|x64.ActiveCfg = Debug|Any CPU
		{428E543C-CD5A-4840-8E05-F0CAA9D500DB}.Debug|x64.Build.0 = Debug|Any CPU
		{428E543C-CD5A-4840-8E05-F0CAA9D500DB}.Debug|x86.ActiveCfg = Debug|Any CPU
		{428E543C-CD5A-4840-8E05-F0CAA9D500DB}.Debug|x86.Build.0 = Debug|Any CPU
		{428E543C-CD5A-4840-8E05-F0CAA9D500DB}.Release|Any CPU.ActiveCfg = Release|Any CPU
		{428E543C-CD5A-4840-8E05-F0CAA9D500DB}.Release|Any CPU.Build.0 = Release|Any CPU
		{428E543C-CD5A-4840-8E05-F0CAA9D500DB}.Release|x64.ActiveCfg = Release|Any CPU
		{428E543C-CD5A-4840-8E05-F0CAA9D500DB}.Release|x64.Build.0 = Release|Any CPU
		{428E543C-CD5A-4840-8E05-F0CAA9D500DB}.Release|x86.ActiveCfg = Release|Any CPU
		{428E543C-CD5A-4840-8E05-F0CAA9D500DB}.Release|x86.Build.0 = Release|Any CPU
		{D2CE9A36-88E8-49E3-B69E-09C53FD4373B}.Debug|Any CPU.ActiveCfg = Debug|Any CPU
		{D2CE9A36-88E8-49E3-B69E-09C53FD4373B}.Debug|Any CPU.Build.0 = Debug|Any CPU
		{D2CE9A36-88E8-49E3-B69E-09C53FD4373B}.Debug|x64.ActiveCfg = Debug|Any CPU
		{D2CE9A36-88E8-49E3-B69E-09C53FD4373B}.Debug|x64.Build.0 = Debug|Any CPU
		{D2CE9A36-88E8-49E3-B69E-09C53FD4373B}.Debug|x86.ActiveCfg = Debug|Any CPU
		{D2CE9A36-88E8-49E3-B69E-09C53FD4373B}.Debug|x86.Build.0 = Debug|Any CPU
		{D2CE9A36-88E8-49E3-B69E-09C53FD4373B}.Release|Any CPU.ActiveCfg = Release|Any CPU
		{D2CE9A36-88E8-49E3-B69E-09C53FD4373B}.Release|Any CPU.Build.0 = Release|Any CPU
		{D2CE9A36-88E8-49E3-B69E-09C53FD4373B}.Release|x64.ActiveCfg = Release|Any CPU
		{D2CE9A36-88E8-49E3-B69E-09C53FD4373B}.Release|x64.Build.0 = Release|Any CPU
		{D2CE9A36-88E8-49E3-B69E-09C53FD4373B}.Release|x86.ActiveCfg = Release|Any CPU
		{D2CE9A36-88E8-49E3-B69E-09C53FD4373B}.Release|x86.Build.0 = Release|Any CPU
	EndGlobalSection
	GlobalSection(SolutionProperties) = preSolution
		HideSolutionNode = FALSE
	EndGlobalSection
	GlobalSection(NestedProjects) = preSolution
		{D2CE9A36-88E8-49E3-B69E-09C53FD4373B} = {324DE0C0-856B-73A4-AC5D-DD838EA6E8F5}
	EndGlobalSection
EndGlobal
